// !$*UTF8*$!
{
	archiveVersion = 1;
	classes = {
	};
	objectVersion = 46;
	objects = {

/* Begin PBXBuildFile section */
		D10A07901C0DBF5100760A80 /* 決定ボタン.jpg in Resources */ = {isa = PBXBuildFile; fileRef = D10A078F1C0DBF5100760A80 /* 決定ボタン.jpg */; };
		D12C512B1C92CF5000289F2F /* Default-568h@2x.png in Resources */ = {isa = PBXBuildFile; fileRef = D12C51281C92CF5000289F2F /* Default-568h@2x.png */; };
		D12C512C1C92CF5000289F2F /* Default-667h@2x.png in Resources */ = {isa = PBXBuildFile; fileRef = D12C51291C92CF5000289F2F /* Default-667h@2x.png */; };
		D12C512D1C92CF5000289F2F /* Default-736h@3x.png in Resources */ = {isa = PBXBuildFile; fileRef = D12C512A1C92CF5000289F2F /* Default-736h@3x.png */; };
		D12C51401C92E6EE00289F2F /* icon@1x_76x76.png in Resources */ = {isa = PBXBuildFile; fileRef = D12C512F1C92E6EE00289F2F /* icon@1x_76x76.png */; };
		D12C51411C92E6EE00289F2F /* icon@2x_120x120.png in Resources */ = {isa = PBXBuildFile; fileRef = D12C51301C92E6EE00289F2F /* icon@2x_120x120.png */; };
		D12C51421C92E6EE00289F2F /* icon@2x_152x152.png in Resources */ = {isa = PBXBuildFile; fileRef = D12C51311C92E6EE00289F2F /* icon@2x_152x152.png */; };
		D12C51431C92E6EE00289F2F /* icon@2x_167x167.png in Resources */ = {isa = PBXBuildFile; fileRef = D12C51321C92E6EE00289F2F /* icon@2x_167x167.png */; };
		D12C51441C92E6EE00289F2F /* icon@3x_180x180.png in Resources */ = {isa = PBXBuildFile; fileRef = D12C51331C92E6EE00289F2F /* icon@3x_180x180.png */; };
		D12C51451C92E6EE00289F2F /* setting_icon@1x_29x29.png in Resources */ = {isa = PBXBuildFile; fileRef = D12C51341C92E6EE00289F2F /* setting_icon@1x_29x29.png */; };
		D12C51461C92E6EE00289F2F /* setting_icon@2x_58x58.png in Resources */ = {isa = PBXBuildFile; fileRef = D12C51351C92E6EE00289F2F /* setting_icon@2x_58x58.png */; };
		D12C51471C92E6EE00289F2F /* setting_icon@3x_87x87.png in Resources */ = {isa = PBXBuildFile; fileRef = D12C51361C92E6EE00289F2F /* setting_icon@3x_87x87.png */; };
		D12C51481C92E6EE00289F2F /* spotlight_icon@2x_120x120.png in Resources */ = {isa = PBXBuildFile; fileRef = D12C51371C92E6EE00289F2F /* spotlight_icon@2x_120x120.png */; };
		D12C51491C92E6EE00289F2F /* spotlight_icon@2x_60x60.png in Resources */ = {isa = PBXBuildFile; fileRef = D12C51381C92E6EE00289F2F /* spotlight_icon@2x_60x60.png */; };
		D12C514A1C92E6EE00289F2F /* spotlight_icon@2x_80x80.png in Resources */ = {isa = PBXBuildFile; fileRef = D12C51391C92E6EE00289F2F /* spotlight_icon@2x_80x80.png */; };
		D12C514B1C92E6EE00289F2F /* spotlight_icon@3x_180x180.png in Resources */ = {isa = PBXBuildFile; fileRef = D12C513A1C92E6EE00289F2F /* spotlight_icon@3x_180x180.png */; };
		D12C514C1C92E6EE00289F2F /* webclip_icon@1x_76x76.png in Resources */ = {isa = PBXBuildFile; fileRef = D12C513B1C92E6EE00289F2F /* webclip_icon@1x_76x76.png */; };
		D12C514D1C92E6EE00289F2F /* webclip_icon@2x_120x120.png in Resources */ = {isa = PBXBuildFile; fileRef = D12C513C1C92E6EE00289F2F /* webclip_icon@2x_120x120.png */; };
		D12C514E1C92E6EE00289F2F /* webclip_icon@2x_152x152.png in Resources */ = {isa = PBXBuildFile; fileRef = D12C513D1C92E6EE00289F2F /* webclip_icon@2x_152x152.png */; };
		D12C514F1C92E6EE00289F2F /* webclip_icon@2x_167x167.png in Resources */ = {isa = PBXBuildFile; fileRef = D12C513E1C92E6EE00289F2F /* webclip_icon@2x_167x167.png */; };
		D12C51501C92E6EE00289F2F /* webclip_icon@3x_180x180.png in Resources */ = {isa = PBXBuildFile; fileRef = D12C513F1C92E6EE00289F2F /* webclip_icon@3x_180x180.png */; };
		D149A1BB1CB1EF88002F348B /* スクリーンショット 2016-04-04 9.39.34.png in Resources */ = {isa = PBXBuildFile; fileRef = D149A1BA1CB1EF88002F348B /* スクリーンショット 2016-04-04 9.39.34.png */; };
		D149A1BF1CB1F717002F348B /* スクリーンショット 2016-04-04 10.12.23.png in Resources */ = {isa = PBXBuildFile; fileRef = D149A1BE1CB1F717002F348B /* スクリーンショット 2016-04-04 10.12.23.png */; };
		D149A1C11CB1F771002F348B /* スクリーンショット 2016-04-04 10.13.41.png in Resources */ = {isa = PBXBuildFile; fileRef = D149A1C01CB1F771002F348B /* スクリーンショット 2016-04-04 10.13.41.png */; };
		D158302F1C5E4F0B005B8EF2 /* Quiz-Buzzer01-1.mp3 in Resources */ = {isa = PBXBuildFile; fileRef = D158302E1C5E4F0B005B8EF2 /* Quiz-Buzzer01-1.mp3 */; };
		D15830311C5E4F36005B8EF2 /* Quiz-Wrong_Buzzer02-3.mp3 in Resources */ = {isa = PBXBuildFile; fileRef = D15830301C5E4F36005B8EF2 /* Quiz-Wrong_Buzzer02-3.mp3 */; };
		D16EC0201CAFB1FF0088D326 /* Background-2.jpg in Resources */ = {isa = PBXBuildFile; fileRef = D16EC01F1CAFB1FF0088D326 /* Background-2.jpg */; };
		D16EC0301CB0AC600088D326 /* background.jpg in Resources */ = {isa = PBXBuildFile; fileRef = D16EC02F1CB0AC600088D326 /* background.jpg */; };
		D16EC03A1CB0B65B0088D326 /* スクリーンショット 2016-04-03 11.23.54.png in Resources */ = {isa = PBXBuildFile; fileRef = D16EC0391CB0B65B0088D326 /* スクリーンショット 2016-04-03 11.23.54.png */; };
		D17A3ABF1CC5BCD900BEFA8A /* スクリーンショット 2016-04-03 11.23.54.png in Resources */ = {isa = PBXBuildFile; fileRef = D17A3ABE1CC5BCD900BEFA8A /* スクリーンショット 2016-04-03 11.23.54.png */; };
		D17A3AC11CC5BD0800BEFA8A /* スクリーンショット 2016-04-03 16.45.41.png in Resources */ = {isa = PBXBuildFile; fileRef = D17A3AC01CC5BD0800BEFA8A /* スクリーンショット 2016-04-03 16.45.41.png */; };
		D184086F1C2B74DD003960DF /* A.mp3 in Resources */ = {isa = PBXBuildFile; fileRef = D18408681C2B74DD003960DF /* A.mp3 */; };
		D18408701C2B74DD003960DF /* B.mp3 in Resources */ = {isa = PBXBuildFile; fileRef = D18408691C2B74DD003960DF /* B.mp3 */; };
		D18408711C2B74DD003960DF /* C.mp3 in Resources */ = {isa = PBXBuildFile; fileRef = D184086A1C2B74DD003960DF /* C.mp3 */; };
		D18408721C2B74DD003960DF /* D.mp3 in Resources */ = {isa = PBXBuildFile; fileRef = D184086B1C2B74DD003960DF /* D.mp3 */; };
		D18408731C2B74DD003960DF /* E.mp3 in Resources */ = {isa = PBXBuildFile; fileRef = D184086C1C2B74DD003960DF /* E.mp3 */; };
		D18408741C2B74DD003960DF /* F.mp3 in Resources */ = {isa = PBXBuildFile; fileRef = D184086D1C2B74DD003960DF /* F.mp3 */; };
		D18408751C2B74DD003960DF /* G.mp3 in Resources */ = {isa = PBXBuildFile; fileRef = D184086E1C2B74DD003960DF /* G.mp3 */; };
		D1AB25B41C11ABA70092372B /* Left.png in Resources */ = {isa = PBXBuildFile; fileRef = D1AB25B31C11ABA70092372B /* Left.png */; };
		D1AB25B61C11ABB30092372B /* Right.png in Resources */ = {isa = PBXBuildFile; fileRef = D1AB25B51C11ABB30092372B /* Right.png */; };
		D1B2BFE01C61EE1100185FEE /* ViewController2.swift in Sources */ = {isa = PBXBuildFile; fileRef = D1B2BFDF1C61EE1100185FEE /* ViewController2.swift */; };
		D1B2BFE21C61FA4C00185FEE /* nc48321.wav in Resources */ = {isa = PBXBuildFile; fileRef = D1B2BFE11C61FA4C00185FEE /* nc48321.wav */; };
		D1CD8C2E1C5B72510036A12C /* キートーン.png in Resources */ = {isa = PBXBuildFile; fileRef = D1CD8C2D1C5B72510036A12C /* キートーン.png */; };
		D1D10DB61BE37DE000F0D864 /* AppDelegate.swift in Sources */ = {isa = PBXBuildFile; fileRef = D1D10DB51BE37DE000F0D864 /* AppDelegate.swift */; };
		D1D10DB81BE37DE000F0D864 /* ViewController.swift in Sources */ = {isa = PBXBuildFile; fileRef = D1D10DB71BE37DE000F0D864 /* ViewController.swift */; };
		D1D10DBB1BE37DE000F0D864 /* Main.storyboard in Resources */ = {isa = PBXBuildFile; fileRef = D1D10DB91BE37DE000F0D864 /* Main.storyboard */; };
		D1D10DBD1BE37DE000F0D864 /* Assets.xcassets in Resources */ = {isa = PBXBuildFile; fileRef = D1D10DBC1BE37DE000F0D864 /* Assets.xcassets */; };
		D1D10DC01BE37DE000F0D864 /* LaunchScreen.storyboard in Resources */ = {isa = PBXBuildFile; fileRef = D1D10DBE1BE37DE000F0D864 /* LaunchScreen.storyboard */; };
		D1D10DCB1BE37DE000F0D864 /* OrizinalTests.swift in Sources */ = {isa = PBXBuildFile; fileRef = D1D10DCA1BE37DE000F0D864 /* OrizinalTests.swift */; };
		D1D10DD61BE37DE000F0D864 /* OrizinalUITests.swift in Sources */ = {isa = PBXBuildFile; fileRef = D1D10DD51BE37DE000F0D864 /* OrizinalUITests.swift */; };
		D1F2715A1BECBE4F000C6F25 /* AVFoundation.framework in Frameworks */ = {isa = PBXBuildFile; fileRef = D1F271591BECBE4F000C6F25 /* AVFoundation.framework */; };
		D1F520461C524A4400053415 /* one-more.png in Resources */ = {isa = PBXBuildFile; fileRef = D1F520451C524A4400053415 /* one-more.png */; };
/* End PBXBuildFile section */

/* Begin PBXContainerItemProxy section */
		D1D10DC71BE37DE000F0D864 /* PBXContainerItemProxy */ = {
			isa = PBXContainerItemProxy;
			containerPortal = D1D10DAA1BE37DE000F0D864 /* Project object */;
			proxyType = 1;
			remoteGlobalIDString = D1D10DB11BE37DE000F0D864;
			remoteInfo = Orizinal;
		};
		D1D10DD21BE37DE000F0D864 /* PBXContainerItemProxy */ = {
			isa = PBXContainerItemProxy;
			containerPortal = D1D10DAA1BE37DE000F0D864 /* Project object */;
			proxyType = 1;
			remoteGlobalIDString = D1D10DB11BE37DE000F0D864;
			remoteInfo = Orizinal;
		};
/* End PBXContainerItemProxy section */

/* Begin PBXFileReference section */
		D10A078F1C0DBF5100760A80 /* 決定ボタン.jpg */ = {isa = PBXFileReference; lastKnownFileType = image.jpeg; path = "決定ボタン.jpg"; sourceTree = "<group>"; };
		D12C51281C92CF5000289F2F /* Default-568h@2x.png */ = {isa = PBXFileReference; lastKnownFileType = image.png; path = "Default-568h@2x.png"; sourceTree = "<group>"; };
		D12C51291C92CF5000289F2F /* Default-667h@2x.png */ = {isa = PBXFileReference; lastKnownFileType = image.png; path = "Default-667h@2x.png"; sourceTree = "<group>"; };
		D12C512A1C92CF5000289F2F /* Default-736h@3x.png */ = {isa = PBXFileReference; lastKnownFileType = image.png; path = "Default-736h@3x.png"; sourceTree = "<group>"; };
		D12C512F1C92E6EE00289F2F /* icon@1x_76x76.png */ = {isa = PBXFileReference; lastKnownFileType = image.png; path = "icon@1x_76x76.png"; sourceTree = "<group>"; };
		D12C51301C92E6EE00289F2F /* icon@2x_120x120.png */ = {isa = PBXFileReference; lastKnownFileType = image.png; path = "icon@2x_120x120.png"; sourceTree = "<group>"; };
		D12C51311C92E6EE00289F2F /* icon@2x_152x152.png */ = {isa = PBXFileReference; lastKnownFileType = image.png; path = "icon@2x_152x152.png"; sourceTree = "<group>"; };
		D12C51321C92E6EE00289F2F /* icon@2x_167x167.png */ = {isa = PBXFileReference; lastKnownFileType = image.png; path = "icon@2x_167x167.png"; sourceTree = "<group>"; };
		D12C51331C92E6EE00289F2F /* icon@3x_180x180.png */ = {isa = PBXFileReference; lastKnownFileType = image.png; path = "icon@3x_180x180.png"; sourceTree = "<group>"; };
		D12C51341C92E6EE00289F2F /* setting_icon@1x_29x29.png */ = {isa = PBXFileReference; lastKnownFileType = image.png; path = "setting_icon@1x_29x29.png"; sourceTree = "<group>"; };
		D12C51351C92E6EE00289F2F /* setting_icon@2x_58x58.png */ = {isa = PBXFileReference; lastKnownFileType = image.png; path = "setting_icon@2x_58x58.png"; sourceTree = "<group>"; };
		D12C51361C92E6EE00289F2F /* setting_icon@3x_87x87.png */ = {isa = PBXFileReference; lastKnownFileType = image.png; path = "setting_icon@3x_87x87.png"; sourceTree = "<group>"; };
		D12C51371C92E6EE00289F2F /* spotlight_icon@2x_120x120.png */ = {isa = PBXFileReference; lastKnownFileType = image.png; path = "spotlight_icon@2x_120x120.png"; sourceTree = "<group>"; };
		D12C51381C92E6EE00289F2F /* spotlight_icon@2x_60x60.png */ = {isa = PBXFileReference; lastKnownFileType = image.png; path = "spotlight_icon@2x_60x60.png"; sourceTree = "<group>"; };
		D12C51391C92E6EE00289F2F /* spotlight_icon@2x_80x80.png */ = {isa = PBXFileReference; lastKnownFileType = image.png; path = "spotlight_icon@2x_80x80.png"; sourceTree = "<group>"; };
		D12C513A1C92E6EE00289F2F /* spotlight_icon@3x_180x180.png */ = {isa = PBXFileReference; lastKnownFileType = image.png; path = "spotlight_icon@3x_180x180.png"; sourceTree = "<group>"; };
		D12C513B1C92E6EE00289F2F /* webclip_icon@1x_76x76.png */ = {isa = PBXFileReference; lastKnownFileType = image.png; path = "webclip_icon@1x_76x76.png"; sourceTree = "<group>"; };
		D12C513C1C92E6EE00289F2F /* webclip_icon@2x_120x120.png */ = {isa = PBXFileReference; lastKnownFileType = image.png; path = "webclip_icon@2x_120x120.png"; sourceTree = "<group>"; };
		D12C513D1C92E6EE00289F2F /* webclip_icon@2x_152x152.png */ = {isa = PBXFileReference; lastKnownFileType = image.png; path = "webclip_icon@2x_152x152.png"; sourceTree = "<group>"; };
		D12C513E1C92E6EE00289F2F /* webclip_icon@2x_167x167.png */ = {isa = PBXFileReference; lastKnownFileType = image.png; path = "webclip_icon@2x_167x167.png"; sourceTree = "<group>"; };
		D12C513F1C92E6EE00289F2F /* webclip_icon@3x_180x180.png */ = {isa = PBXFileReference; lastKnownFileType = image.png; path = "webclip_icon@3x_180x180.png"; sourceTree = "<group>"; };
		D149A1BA1CB1EF88002F348B /* スクリーンショット 2016-04-04 9.39.34.png */ = {isa = PBXFileReference; lastKnownFileType = image.png; path = "スクリーンショット 2016-04-04 9.39.34.png"; sourceTree = "<group>"; };
		D149A1BE1CB1F717002F348B /* スクリーンショット 2016-04-04 10.12.23.png */ = {isa = PBXFileReference; lastKnownFileType = image.png; path = "スクリーンショット 2016-04-04 10.12.23.png"; sourceTree = "<group>"; };
		D149A1C01CB1F771002F348B /* スクリーンショット 2016-04-04 10.13.41.png */ = {isa = PBXFileReference; lastKnownFileType = image.png; path = "スクリーンショット 2016-04-04 10.13.41.png"; sourceTree = "<group>"; };
		D158302E1C5E4F0B005B8EF2 /* Quiz-Buzzer01-1.mp3 */ = {isa = PBXFileReference; lastKnownFileType = audio.mp3; path = "Quiz-Buzzer01-1.mp3"; sourceTree = "<group>"; };
		D15830301C5E4F36005B8EF2 /* Quiz-Wrong_Buzzer02-3.mp3 */ = {isa = PBXFileReference; lastKnownFileType = audio.mp3; path = "Quiz-Wrong_Buzzer02-3.mp3"; sourceTree = "<group>"; };
		D16EC01F1CAFB1FF0088D326 /* Background-2.jpg */ = {isa = PBXFileReference; lastKnownFileType = image.jpeg; path = "Background-2.jpg"; sourceTree = "<group>"; };
		D16EC02F1CB0AC600088D326 /* background.jpg */ = {isa = PBXFileReference; lastKnownFileType = image.jpeg; path = background.jpg; sourceTree = "<group>"; };
		D16EC0391CB0B65B0088D326 /* スクリーンショット 2016-04-03 11.23.54.png */ = {isa = PBXFileReference; lastKnownFileType = image.png; path = "スクリーンショット 2016-04-03 11.23.54.png"; sourceTree = "<group>"; };
		D17A3ABE1CC5BCD900BEFA8A /* スクリーンショット 2016-04-03 11.23.54.png */ = {isa = PBXFileReference; lastKnownFileType = image.png; path = "スクリーンショット 2016-04-03 11.23.54.png"; sourceTree = "<group>"; };
		D17A3AC01CC5BD0800BEFA8A /* スクリーンショット 2016-04-03 16.45.41.png */ = {isa = PBXFileReference; lastKnownFileType = image.png; path = "スクリーンショット 2016-04-03 16.45.41.png"; sourceTree = "<group>"; };
		D18408681C2B74DD003960DF /* A.mp3 */ = {isa = PBXFileReference; lastKnownFileType = audio.mp3; path = A.mp3; sourceTree = "<group>"; };
		D18408691C2B74DD003960DF /* B.mp3 */ = {isa = PBXFileReference; lastKnownFileType = audio.mp3; path = B.mp3; sourceTree = "<group>"; };
		D184086A1C2B74DD003960DF /* C.mp3 */ = {isa = PBXFileReference; lastKnownFileType = audio.mp3; path = C.mp3; sourceTree = "<group>"; };
		D184086B1C2B74DD003960DF /* D.mp3 */ = {isa = PBXFileReference; lastKnownFileType = audio.mp3; path = D.mp3; sourceTree = "<group>"; };
		D184086C1C2B74DD003960DF /* E.mp3 */ = {isa = PBXFileReference; lastKnownFileType = audio.mp3; path = E.mp3; sourceTree = "<group>"; };
		D184086D1C2B74DD003960DF /* F.mp3 */ = {isa = PBXFileReference; lastKnownFileType = audio.mp3; path = F.mp3; sourceTree = "<group>"; };
		D184086E1C2B74DD003960DF /* G.mp3 */ = {isa = PBXFileReference; lastKnownFileType = audio.mp3; path = G.mp3; sourceTree = "<group>"; };
		D1AB25B31C11ABA70092372B /* Left.png */ = {isa = PBXFileReference; lastKnownFileType = image.png; path = Left.png; sourceTree = "<group>"; };
		D1AB25B51C11ABB30092372B /* Right.png */ = {isa = PBXFileReference; lastKnownFileType = image.png; path = Right.png; sourceTree = "<group>"; };
		D1B2BFDF1C61EE1100185FEE /* ViewController2.swift */ = {isa = PBXFileReference; fileEncoding = 4; lastKnownFileType = sourcecode.swift; path = ViewController2.swift; sourceTree = "<group>"; };
		D1B2BFE11C61FA4C00185FEE /* nc48321.wav */ = {isa = PBXFileReference; lastKnownFileType = audio.wav; path = nc48321.wav; sourceTree = "<group>"; };
		D1CD8C2D1C5B72510036A12C /* キートーン.png */ = {isa = PBXFileReference; lastKnownFileType = image.png; path = "キートーン.png"; sourceTree = "<group>"; };
		D1D10DB21BE37DE000F0D864 /* Orizinal.app */ = {isa = PBXFileReference; explicitFileType = wrapper.application; includeInIndex = 0; path = Orizinal.app; sourceTree = BUILT_PRODUCTS_DIR; };
		D1D10DB51BE37DE000F0D864 /* AppDelegate.swift */ = {isa = PBXFileReference; lastKnownFileType = sourcecode.swift; path = AppDelegate.swift; sourceTree = "<group>"; };
		D1D10DB71BE37DE000F0D864 /* ViewController.swift */ = {isa = PBXFileReference; lastKnownFileType = sourcecode.swift; path = ViewController.swift; sourceTree = "<group>"; };
		D1D10DBA1BE37DE000F0D864 /* Base */ = {isa = PBXFileReference; lastKnownFileType = file.storyboard; name = Base; path = Base.lproj/Main.storyboard; sourceTree = "<group>"; };
		D1D10DBC1BE37DE000F0D864 /* Assets.xcassets */ = {isa = PBXFileReference; lastKnownFileType = folder.assetcatalog; path = Assets.xcassets; sourceTree = "<group>"; };
		D1D10DBF1BE37DE000F0D864 /* Base */ = {isa = PBXFileReference; lastKnownFileType = file.storyboard; name = Base; path = Base.lproj/LaunchScreen.storyboard; sourceTree = "<group>"; };
		D1D10DC11BE37DE000F0D864 /* Info.plist */ = {isa = PBXFileReference; lastKnownFileType = text.plist.xml; path = Info.plist; sourceTree = "<group>"; };
		D1D10DC61BE37DE000F0D864 /* OrizinalTests.xctest */ = {isa = PBXFileReference; explicitFileType = wrapper.cfbundle; includeInIndex = 0; path = OrizinalTests.xctest; sourceTree = BUILT_PRODUCTS_DIR; };
		D1D10DCA1BE37DE000F0D864 /* OrizinalTests.swift */ = {isa = PBXFileReference; lastKnownFileType = sourcecode.swift; path = OrizinalTests.swift; sourceTree = "<group>"; };
		D1D10DCC1BE37DE000F0D864 /* Info.plist */ = {isa = PBXFileReference; lastKnownFileType = text.plist.xml; path = Info.plist; sourceTree = "<group>"; };
		D1D10DD11BE37DE000F0D864 /* OrizinalUITests.xctest */ = {isa = PBXFileReference; explicitFileType = wrapper.cfbundle; includeInIndex = 0; path = OrizinalUITests.xctest; sourceTree = BUILT_PRODUCTS_DIR; };
		D1D10DD51BE37DE000F0D864 /* OrizinalUITests.swift */ = {isa = PBXFileReference; lastKnownFileType = sourcecode.swift; path = OrizinalUITests.swift; sourceTree = "<group>"; };
		D1D10DD71BE37DE000F0D864 /* Info.plist */ = {isa = PBXFileReference; lastKnownFileType = text.plist.xml; path = Info.plist; sourceTree = "<group>"; };
		D1F271591BECBE4F000C6F25 /* AVFoundation.framework */ = {isa = PBXFileReference; lastKnownFileType = wrapper.framework; name = AVFoundation.framework; path = System/Library/Frameworks/AVFoundation.framework; sourceTree = SDKROOT; };
		D1F520451C524A4400053415 /* one-more.png */ = {isa = PBXFileReference; lastKnownFileType = image.png; path = "one-more.png"; sourceTree = "<group>"; };
/* End PBXFileReference section */

/* Begin PBXFrameworksBuildPhase section */
		D1D10DAF1BE37DE000F0D864 /* Frameworks */ = {
			isa = PBXFrameworksBuildPhase;
			buildActionMask = 2147483647;
			files = (
				D1F2715A1BECBE4F000C6F25 /* AVFoundation.framework in Frameworks */,
			);
			runOnlyForDeploymentPostprocessing = 0;
		};
		D1D10DC31BE37DE000F0D864 /* Frameworks */ = {
			isa = PBXFrameworksBuildPhase;
			buildActionMask = 2147483647;
			files = (
			);
			runOnlyForDeploymentPostprocessing = 0;
		};
		D1D10DCE1BE37DE000F0D864 /* Frameworks */ = {
			isa = PBXFrameworksBuildPhase;
			buildActionMask = 2147483647;
			files = (
			);
			runOnlyForDeploymentPostprocessing = 0;
		};
/* End PBXFrameworksBuildPhase section */

/* Begin PBXGroup section */
		D12C51271C92CF5000289F2F /* Defaults */ = {
			isa = PBXGroup;
			children = (
				D12C51281C92CF5000289F2F /* Default-568h@2x.png */,
				D12C51291C92CF5000289F2F /* Default-667h@2x.png */,
				D12C512A1C92CF5000289F2F /* Default-736h@3x.png */,
			);
			path = Defaults;
			sourceTree = "<group>";
		};
		D12C512E1C92E6EE00289F2F /* ios_name */ = {
			isa = PBXGroup;
			children = (
				D12C512F1C92E6EE00289F2F /* icon@1x_76x76.png */,
				D12C51301C92E6EE00289F2F /* icon@2x_120x120.png */,
				D12C51311C92E6EE00289F2F /* icon@2x_152x152.png */,
				D12C51321C92E6EE00289F2F /* icon@2x_167x167.png */,
				D12C51331C92E6EE00289F2F /* icon@3x_180x180.png */,
				D12C51341C92E6EE00289F2F /* setting_icon@1x_29x29.png */,
				D12C51351C92E6EE00289F2F /* setting_icon@2x_58x58.png */,
				D12C51361C92E6EE00289F2F /* setting_icon@3x_87x87.png */,
				D12C51371C92E6EE00289F2F /* spotlight_icon@2x_120x120.png */,
				D12C51381C92E6EE00289F2F /* spotlight_icon@2x_60x60.png */,
				D12C51391C92E6EE00289F2F /* spotlight_icon@2x_80x80.png */,
				D12C513A1C92E6EE00289F2F /* spotlight_icon@3x_180x180.png */,
				D12C513B1C92E6EE00289F2F /* webclip_icon@1x_76x76.png */,
				D12C513C1C92E6EE00289F2F /* webclip_icon@2x_120x120.png */,
				D12C513D1C92E6EE00289F2F /* webclip_icon@2x_152x152.png */,
				D12C513E1C92E6EE00289F2F /* webclip_icon@2x_167x167.png */,
				D12C513F1C92E6EE00289F2F /* webclip_icon@3x_180x180.png */,
			);
			path = ios_name;
			sourceTree = "<group>";
		};
		D1D10DA91BE37DE000F0D864 = {
			isa = PBXGroup;
			children = (
				D1F271591BECBE4F000C6F25 /* AVFoundation.framework */,
				D1D10DB41BE37DE000F0D864 /* Orizinal */,
				D1D10DC91BE37DE000F0D864 /* OrizinalTests */,
				D1D10DD41BE37DE000F0D864 /* OrizinalUITests */,
				D1D10DB31BE37DE000F0D864 /* Products */,
				D12C51271C92CF5000289F2F /* Defaults */,
			);
			sourceTree = "<group>";
		};
		D1D10DB31BE37DE000F0D864 /* Products */ = {
			isa = PBXGroup;
			children = (
				D1D10DB21BE37DE000F0D864 /* Orizinal.app */,
				D1D10DC61BE37DE000F0D864 /* OrizinalTests.xctest */,
				D1D10DD11BE37DE000F0D864 /* OrizinalUITests.xctest */,
			);
			name = Products;
			sourceTree = "<group>";
		};
		D1D10DB41BE37DE000F0D864 /* Orizinal */ = {
			isa = PBXGroup;
			children = (
				D12C512E1C92E6EE00289F2F /* ios_name */,
				D1D10DB51BE37DE000F0D864 /* AppDelegate.swift */,
				D1D10DB71BE37DE000F0D864 /* ViewController.swift */,
				D1B2BFDF1C61EE1100185FEE /* ViewController2.swift */,
				D1D10DB91BE37DE000F0D864 /* Main.storyboard */,
				D1D10DBC1BE37DE000F0D864 /* Assets.xcassets */,
				D1D10DBE1BE37DE000F0D864 /* LaunchScreen.storyboard */,
				D1D10DC11BE37DE000F0D864 /* Info.plist */,
				D16EC02F1CB0AC600088D326 /* background.jpg */,
				D16EC01F1CAFB1FF0088D326 /* Background-2.jpg */,
				D16EC0391CB0B65B0088D326 /* スクリーンショット 2016-04-03 11.23.54.png */,
				D17A3ABE1CC5BCD900BEFA8A /* スクリーンショット 2016-04-03 11.23.54.png */,
				D17A3AC01CC5BD0800BEFA8A /* スクリーンショット 2016-04-03 16.45.41.png */,
				D149A1BA1CB1EF88002F348B /* スクリーンショット 2016-04-04 9.39.34.png */,
				D149A1BE1CB1F717002F348B /* スクリーンショット 2016-04-04 10.12.23.png */,
				D149A1C01CB1F771002F348B /* スクリーンショット 2016-04-04 10.13.41.png */,
				D1F520441C523F0100053415 /* music */,
				D1F520431C523EDA00053415 /* images */,
			);
			path = Orizinal;
			sourceTree = "<group>";
		};
		D1D10DC91BE37DE000F0D864 /* OrizinalTests */ = {
			isa = PBXGroup;
			children = (
				D1D10DCA1BE37DE000F0D864 /* OrizinalTests.swift */,
				D1D10DCC1BE37DE000F0D864 /* Info.plist */,
			);
			path = OrizinalTests;
			sourceTree = "<group>";
		};
		D1D10DD41BE37DE000F0D864 /* OrizinalUITests */ = {
			isa = PBXGroup;
			children = (
				D1D10DD51BE37DE000F0D864 /* OrizinalUITests.swift */,
				D1D10DD71BE37DE000F0D864 /* Info.plist */,
			);
			path = OrizinalUITests;
			sourceTree = "<group>";
		};
		D1F520431C523EDA00053415 /* images */ = {
			isa = PBXGroup;
			children = (
				D10A078F1C0DBF5100760A80 /* 決定ボタン.jpg */,
				D1CD8C2D1C5B72510036A12C /* キートーン.png */,
				D1AB25B31C11ABA70092372B /* Left.png */,
				D1AB25B51C11ABB30092372B /* Right.png */,
				D1F520451C524A4400053415 /* one-more.png */,
			);
			name = images;
			sourceTree = "<group>";
		};
		D1F520441C523F0100053415 /* music */ = {
			isa = PBXGroup;
			children = (
				D18408681C2B74DD003960DF /* A.mp3 */,
				D18408691C2B74DD003960DF /* B.mp3 */,
				D184086A1C2B74DD003960DF /* C.mp3 */,
				D184086B1C2B74DD003960DF /* D.mp3 */,
				D184086C1C2B74DD003960DF /* E.mp3 */,
				D184086D1C2B74DD003960DF /* F.mp3 */,
				D184086E1C2B74DD003960DF /* G.mp3 */,
				D158302E1C5E4F0B005B8EF2 /* Quiz-Buzzer01-1.mp3 */,
				D15830301C5E4F36005B8EF2 /* Quiz-Wrong_Buzzer02-3.mp3 */,
				D1B2BFE11C61FA4C00185FEE /* nc48321.wav */,
			);
			name = music;
			sourceTree = "<group>";
		};
/* End PBXGroup section */

/* Begin PBXNativeTarget section */
		D1D10DB11BE37DE000F0D864 /* Orizinal */ = {
			isa = PBXNativeTarget;
			buildConfigurationList = D1D10DDA1BE37DE000F0D864 /* Build configuration list for PBXNativeTarget "Orizinal" */;
			buildPhases = (
				D1D10DAE1BE37DE000F0D864 /* Sources */,
				D1D10DAF1BE37DE000F0D864 /* Frameworks */,
				D1D10DB01BE37DE000F0D864 /* Resources */,
			);
			buildRules = (
			);
			dependencies = (
			);
			name = Orizinal;
			productName = Orizinal;
			productReference = D1D10DB21BE37DE000F0D864 /* Orizinal.app */;
			productType = "com.apple.product-type.application";
		};
		D1D10DC51BE37DE000F0D864 /* OrizinalTests */ = {
			isa = PBXNativeTarget;
			buildConfigurationList = D1D10DDD1BE37DE000F0D864 /* Build configuration list for PBXNativeTarget "OrizinalTests" */;
			buildPhases = (
				D1D10DC21BE37DE000F0D864 /* Sources */,
				D1D10DC31BE37DE000F0D864 /* Frameworks */,
				D1D10DC41BE37DE000F0D864 /* Resources */,
			);
			buildRules = (
			);
			dependencies = (
				D1D10DC81BE37DE000F0D864 /* PBXTargetDependency */,
			);
			name = OrizinalTests;
			productName = OrizinalTests;
			productReference = D1D10DC61BE37DE000F0D864 /* OrizinalTests.xctest */;
			productType = "com.apple.product-type.bundle.unit-test";
		};
		D1D10DD01BE37DE000F0D864 /* OrizinalUITests */ = {
			isa = PBXNativeTarget;
			buildConfigurationList = D1D10DE01BE37DE000F0D864 /* Build configuration list for PBXNativeTarget "OrizinalUITests" */;
			buildPhases = (
				D1D10DCD1BE37DE000F0D864 /* Sources */,
				D1D10DCE1BE37DE000F0D864 /* Frameworks */,
				D1D10DCF1BE37DE000F0D864 /* Resources */,
			);
			buildRules = (
			);
			dependencies = (
				D1D10DD31BE37DE000F0D864 /* PBXTargetDependency */,
			);
			name = OrizinalUITests;
			productName = OrizinalUITests;
			productReference = D1D10DD11BE37DE000F0D864 /* OrizinalUITests.xctest */;
			productType = "com.apple.product-type.bundle.ui-testing";
		};
/* End PBXNativeTarget section */

/* Begin PBXProject section */
		D1D10DAA1BE37DE000F0D864 /* Project object */ = {
			isa = PBXProject;
			attributes = {
				LastUpgradeCheck = 0700;
				ORGANIZATIONNAME = "onda anan";
				TargetAttributes = {
					D1D10DB11BE37DE000F0D864 = {
						CreatedOnToolsVersion = 7.0.1;
					};
					D1D10DC51BE37DE000F0D864 = {
						CreatedOnToolsVersion = 7.0.1;
						TestTargetID = D1D10DB11BE37DE000F0D864;
					};
					D1D10DD01BE37DE000F0D864 = {
						CreatedOnToolsVersion = 7.0.1;
						TestTargetID = D1D10DB11BE37DE000F0D864;
					};
				};
			};
			buildConfigurationList = D1D10DAD1BE37DE000F0D864 /* Build configuration list for PBXProject "Orizinal" */;
			compatibilityVersion = "Xcode 3.2";
			developmentRegion = English;
			hasScannedForEncodings = 0;
			knownRegions = (
				en,
				Base,
			);
			mainGroup = D1D10DA91BE37DE000F0D864;
			productRefGroup = D1D10DB31BE37DE000F0D864 /* Products */;
			projectDirPath = "";
			projectRoot = "";
			targets = (
				D1D10DB11BE37DE000F0D864 /* Orizinal */,
				D1D10DC51BE37DE000F0D864 /* OrizinalTests */,
				D1D10DD01BE37DE000F0D864 /* OrizinalUITests */,
			);
		};
/* End PBXProject section */

/* Begin PBXResourcesBuildPhase section */
		D1D10DB01BE37DE000F0D864 /* Resources */ = {
			isa = PBXResourcesBuildPhase;
			buildActionMask = 2147483647;
			files = (
				D18408711C2B74DD003960DF /* C.mp3 in Resources */,
				D1F520461C524A4400053415 /* one-more.png in Resources */,
				D184086F1C2B74DD003960DF /* A.mp3 in Resources */,
				D12C51401C92E6EE00289F2F /* icon@1x_76x76.png in Resources */,
				D15830311C5E4F36005B8EF2 /* Quiz-Wrong_Buzzer02-3.mp3 in Resources */,
				D12C514A1C92E6EE00289F2F /* spotlight_icon@2x_80x80.png in Resources */,
				D18408701C2B74DD003960DF /* B.mp3 in Resources */,
				D12C51411C92E6EE00289F2F /* icon@2x_120x120.png in Resources */,
				D12C51451C92E6EE00289F2F /* setting_icon@1x_29x29.png in Resources */,
				D149A1C11CB1F771002F348B /* スクリーンショット 2016-04-04 10.13.41.png in Resources */,
				D12C514E1C92E6EE00289F2F /* webclip_icon@2x_152x152.png in Resources */,
				D1D10DC01BE37DE000F0D864 /* LaunchScreen.storyboard in Resources */,
				D1B2BFE21C61FA4C00185FEE /* nc48321.wav in Resources */,
				D1AB25B41C11ABA70092372B /* Left.png in Resources */,
				D18408751C2B74DD003960DF /* G.mp3 in Resources */,
				D12C512C1C92CF5000289F2F /* Default-667h@2x.png in Resources */,
				D149A1BF1CB1F717002F348B /* スクリーンショット 2016-04-04 10.12.23.png in Resources */,
				D12C51481C92E6EE00289F2F /* spotlight_icon@2x_120x120.png in Resources */,
				D12C51461C92E6EE00289F2F /* setting_icon@2x_58x58.png in Resources */,
				D12C514D1C92E6EE00289F2F /* webclip_icon@2x_120x120.png in Resources */,
				D18408721C2B74DD003960DF /* D.mp3 in Resources */,
				D158302F1C5E4F0B005B8EF2 /* Quiz-Buzzer01-1.mp3 in Resources */,
				D10A07901C0DBF5100760A80 /* 決定ボタン.jpg in Resources */,
				D16EC0301CB0AC600088D326 /* background.jpg in Resources */,
				D12C51471C92E6EE00289F2F /* setting_icon@3x_87x87.png in Resources */,
				D12C514B1C92E6EE00289F2F /* spotlight_icon@3x_180x180.png in Resources */,
				D12C51431C92E6EE00289F2F /* icon@2x_167x167.png in Resources */,
				D12C512B1C92CF5000289F2F /* Default-568h@2x.png in Resources */,
				D12C51421C92E6EE00289F2F /* icon@2x_152x152.png in Resources */,
				D12C51501C92E6EE00289F2F /* webclip_icon@3x_180x180.png in Resources */,
				D18408731C2B74DD003960DF /* E.mp3 in Resources */,
				D12C514F1C92E6EE00289F2F /* webclip_icon@2x_167x167.png in Resources */,
				D149A1BB1CB1EF88002F348B /* スクリーンショット 2016-04-04 9.39.34.png in Resources */,
				D1D10DBD1BE37DE000F0D864 /* Assets.xcassets in Resources */,
				D18408741C2B74DD003960DF /* F.mp3 in Resources */,
				D12C51491C92E6EE00289F2F /* spotlight_icon@2x_60x60.png in Resources */,
				D16EC03A1CB0B65B0088D326 /* スクリーンショット 2016-04-03 11.23.54.png in Resources */,
				D1CD8C2E1C5B72510036A12C /* キートーン.png in Resources */,
				D1AB25B61C11ABB30092372B /* Right.png in Resources */,
				D17A3ABF1CC5BCD900BEFA8A /* スクリーンショット 2016-04-03 11.23.54.png in Resources */,
				D12C514C1C92E6EE00289F2F /* webclip_icon@1x_76x76.png in Resources */,
				D1D10DBB1BE37DE000F0D864 /* Main.storyboard in Resources */,
				D12C512D1C92CF5000289F2F /* Default-736h@3x.png in Resources */,
				D17A3AC11CC5BD0800BEFA8A /* スクリーンショット 2016-04-03 16.45.41.png in Resources */,
				D16EC0201CAFB1FF0088D326 /* Background-2.jpg in Resources */,
				D12C51441C92E6EE00289F2F /* icon@3x_180x180.png in Resources */,
			);
			runOnlyForDeploymentPostprocessing = 0;
		};
		D1D10DC41BE37DE000F0D864 /* Resources */ = {
			isa = PBXResourcesBuildPhase;
			buildActionMask = 2147483647;
			files = (
			);
			runOnlyForDeploymentPostprocessing = 0;
		};
		D1D10DCF1BE37DE000F0D864 /* Resources */ = {
			isa = PBXResourcesBuildPhase;
			buildActionMask = 2147483647;
			files = (
			);
			runOnlyForDeploymentPostprocessing = 0;
		};
/* End PBXResourcesBuildPhase section */

/* Begin PBXSourcesBuildPhase section */
		D1D10DAE1BE37DE000F0D864 /* Sources */ = {
			isa = PBXSourcesBuildPhase;
			buildActionMask = 2147483647;
			files = (
				D1D10DB81BE37DE000F0D864 /* ViewController.swift in Sources */,
				D1D10DB61BE37DE000F0D864 /* AppDelegate.swift in Sources */,
				D1B2BFE01C61EE1100185FEE /* ViewController2.swift in Sources */,
			);
			runOnlyForDeploymentPostprocessing = 0;
		};
		D1D10DC21BE37DE000F0D864 /* Sources */ = {
			isa = PBXSourcesBuildPhase;
			buildActionMask = 2147483647;
			files = (
				D1D10DCB1BE37DE000F0D864 /* OrizinalTests.swift in Sources */,
			);
			runOnlyForDeploymentPostprocessing = 0;
		};
		D1D10DCD1BE37DE000F0D864 /* Sources */ = {
			isa = PBXSourcesBuildPhase;
			buildActionMask = 2147483647;
			files = (
				D1D10DD61BE37DE000F0D864 /* OrizinalUITests.swift in Sources */,
			);
			runOnlyForDeploymentPostprocessing = 0;
		};
/* End PBXSourcesBuildPhase section */

/* Begin PBXTargetDependency section */
		D1D10DC81BE37DE000F0D864 /* PBXTargetDependency */ = {
			isa = PBXTargetDependency;
			target = D1D10DB11BE37DE000F0D864 /* Orizinal */;
			targetProxy = D1D10DC71BE37DE000F0D864 /* PBXContainerItemProxy */;
		};
		D1D10DD31BE37DE000F0D864 /* PBXTargetDependency */ = {
			isa = PBXTargetDependency;
			target = D1D10DB11BE37DE000F0D864 /* Orizinal */;
			targetProxy = D1D10DD21BE37DE000F0D864 /* PBXContainerItemProxy */;
		};
/* End PBXTargetDependency section */

/* Begin PBXVariantGroup section */
		D1D10DB91BE37DE000F0D864 /* Main.storyboard */ = {
			isa = PBXVariantGroup;
			children = (
				D1D10DBA1BE37DE000F0D864 /* Base */,
			);
			name = Main.storyboard;
			sourceTree = "<group>";
		};
		D1D10DBE1BE37DE000F0D864 /* LaunchScreen.storyboard */ = {
			isa = PBXVariantGroup;
			children = (
				D1D10DBF1BE37DE000F0D864 /* Base */,
			);
			name = LaunchScreen.storyboard;
			sourceTree = "<group>";
		};
/* End PBXVariantGroup section */

/* Begin XCBuildConfiguration section */
		D1D10DD81BE37DE000F0D864 /* Debug */ = {
			isa = XCBuildConfiguration;
			buildSettings = {
				ALWAYS_SEARCH_USER_PATHS = NO;
				CLANG_CXX_LANGUAGE_STANDARD = "gnu++0x";
				CLANG_CXX_LIBRARY = "libc++";
				CLANG_ENABLE_MODULES = YES;
				CLANG_ENABLE_OBJC_ARC = YES;
				CLANG_WARN_BOOL_CONVERSION = YES;
				CLANG_WARN_CONSTANT_CONVERSION = YES;
				CLANG_WARN_DIRECT_OBJC_ISA_USAGE = YES_ERROR;
				CLANG_WARN_EMPTY_BODY = YES;
				CLANG_WARN_ENUM_CONVERSION = YES;
				CLANG_WARN_INT_CONVERSION = YES;
				CLANG_WARN_OBJC_ROOT_CLASS = YES_ERROR;
				CLANG_WARN_UNREACHABLE_CODE = YES;
				CLANG_WARN__DUPLICATE_METHOD_MATCH = YES;
				"CODE_SIGN_IDENTITY[sdk=iphoneos*]" = "iPhone Developer";
				COPY_PHASE_STRIP = NO;
				DEBUG_INFORMATION_FORMAT = dwarf;
				ENABLE_STRICT_OBJC_MSGSEND = YES;
				ENABLE_TESTABILITY = YES;
				GCC_C_LANGUAGE_STANDARD = gnu99;
				GCC_DYNAMIC_NO_PIC = NO;
				GCC_NO_COMMON_BLOCKS = YES;
				GCC_OPTIMIZATION_LEVEL = 0;
				GCC_PREPROCESSOR_DEFINITIONS = (
					"DEBUG=1",
					"$(inherited)",
				);
				GCC_WARN_64_TO_32_BIT_CONVERSION = YES;
				GCC_WARN_ABOUT_RETURN_TYPE = YES_ERROR;
				GCC_WARN_UNDECLARED_SELECTOR = YES;
				GCC_WARN_UNINITIALIZED_AUTOS = YES_AGGRESSIVE;
				GCC_WARN_UNUSED_FUNCTION = YES;
				GCC_WARN_UNUSED_VARIABLE = YES;
				IPHONEOS_DEPLOYMENT_TARGET = 9.0;
				MTL_ENABLE_DEBUG_INFO = YES;
				ONLY_ACTIVE_ARCH = YES;
				SDKROOT = iphoneos;
				SWIFT_OPTIMIZATION_LEVEL = "-Onone";
			};
			name = Debug;
		};
		D1D10DD91BE37DE000F0D864 /* Release */ = {
			isa = XCBuildConfiguration;
			buildSettings = {
				ALWAYS_SEARCH_USER_PATHS = NO;
				CLANG_CXX_LANGUAGE_STANDARD = "gnu++0x";
				CLANG_CXX_LIBRARY = "libc++";
				CLANG_ENABLE_MODULES = YES;
				CLANG_ENABLE_OBJC_ARC = YES;
				CLANG_WARN_BOOL_CONVERSION = YES;
				CLANG_WARN_CONSTANT_CONVERSION = YES;
				CLANG_WARN_DIRECT_OBJC_ISA_USAGE = YES_ERROR;
				CLANG_WARN_EMPTY_BODY = YES;
				CLANG_WARN_ENUM_CONVERSION = YES;
				CLANG_WARN_INT_CONVERSION = YES;
				CLANG_WARN_OBJC_ROOT_CLASS = YES_ERROR;
				CLANG_WARN_UNREACHABLE_CODE = YES;
				CLANG_WARN__DUPLICATE_METHOD_MATCH = YES;
				"CODE_SIGN_IDENTITY[sdk=iphoneos*]" = "iPhone Developer";
				COPY_PHASE_STRIP = NO;
				DEBUG_INFORMATION_FORMAT = "dwarf-with-dsym";
				ENABLE_NS_ASSERTIONS = NO;
				ENABLE_STRICT_OBJC_MSGSEND = YES;
				GCC_C_LANGUAGE_STANDARD = gnu99;
				GCC_NO_COMMON_BLOCKS = YES;
				GCC_WARN_64_TO_32_BIT_CONVERSION = YES;
				GCC_WARN_ABOUT_RETURN_TYPE = YES_ERROR;
				GCC_WARN_UNDECLARED_SELECTOR = YES;
				GCC_WARN_UNINITIALIZED_AUTOS = YES_AGGRESSIVE;
				GCC_WARN_UNUSED_FUNCTION = YES;
				GCC_WARN_UNUSED_VARIABLE = YES;
				IPHONEOS_DEPLOYMENT_TARGET = 9.0;
				MTL_ENABLE_DEBUG_INFO = NO;
				SDKROOT = iphoneos;
				VALIDATE_PRODUCT = YES;
			};
			name = Release;
		};
		D1D10DDB1BE37DE000F0D864 /* Debug */ = {
			isa = XCBuildConfiguration;
			buildSettings = {
				ASSETCATALOG_COMPILER_APPICON_NAME = AppIcon;
				INFOPLIST_FILE = Orizinal/Info.plist;
				LD_RUNPATH_SEARCH_PATHS = "$(inherited) @executable_path/Frameworks";
				PRODUCT_BUNDLE_IDENTIFIER = ANAN.Orizinal;
				PRODUCT_NAME = "$(TARGET_NAME)";
			};
			name = Debug;
		};
		D1D10DDC1BE37DE000F0D864 /* Release */ = {
			isa = XCBuildConfiguration;
			buildSettings = {
				ASSETCATALOG_COMPILER_APPICON_NAME = AppIcon;
				INFOPLIST_FILE = Orizinal/Info.plist;
				LD_RUNPATH_SEARCH_PATHS = "$(inherited) @executable_path/Frameworks";
				PRODUCT_BUNDLE_IDENTIFIER = ANAN.Orizinal;
				PRODUCT_NAME = "$(TARGET_NAME)";
			};
			name = Release;
		};
		D1D10DDE1BE37DE000F0D864 /* Debug */ = {
			isa = XCBuildConfiguration;
			buildSettings = {
				BUNDLE_LOADER = "$(TEST_HOST)";
				INFOPLIST_FILE = OrizinalTests/Info.plist;
				LD_RUNPATH_SEARCH_PATHS = "$(inherited) @executable_path/Frameworks @loader_path/Frameworks";
				PRODUCT_BUNDLE_IDENTIFIER = ANAN.OrizinalTests;
				PRODUCT_NAME = "$(TARGET_NAME)";
				TEST_HOST = "$(BUILT_PRODUCTS_DIR)/Orizinal.app/Orizinal";
			};
			name = Debug;
		};
		D1D10DDF1BE37DE000F0D864 /* Release */ = {
			isa = XCBuildConfiguration;
			buildSettings = {
				BUNDLE_LOADER = "$(TEST_HOST)";
				INFOPLIST_FILE = OrizinalTests/Info.plist;
				LD_RUNPATH_SEARCH_PATHS = "$(inherited) @executable_path/Frameworks @loader_path/Frameworks";
				PRODUCT_BUNDLE_IDENTIFIER = ANAN.OrizinalTests;
				PRODUCT_NAME = "$(TARGET_NAME)";
				TEST_HOST = "$(BUILT_PRODUCTS_DIR)/Orizinal.app/Orizinal";
			};
			name = Release;
		};
		D1D10DE11BE37DE000F0D864 /* Debug */ = {
			isa = XCBuildConfiguration;
			buildSettings = {
				INFOPLIST_FILE = OrizinalUITests/Info.plist;
				LD_RUNPATH_SEARCH_PATHS = "$(inherited) @executable_path/Frameworks @loader_path/Frameworks";
				PRODUCT_BUNDLE_IDENTIFIER = ANAN.OrizinalUITests;
				PRODUCT_NAME = "$(TARGET_NAME)";
				TEST_TARGET_NAME = Orizinal;
				USES_XCTRUNNER = YES;
			};
			name = Debug;
		};
		D1D10DE21BE37DE000F0D864 /* Release */ = {
			isa = XCBuildConfiguration;
			buildSettings = {
				INFOPLIST_FILE = OrizinalUITests/Info.plist;
				LD_RUNPATH_SEARCH_PATHS = "$(inherited) @executable_path/Frameworks @loader_path/Frameworks";
				PRODUCT_BUNDLE_IDENTIFIER = ANAN.OrizinalUITests;
				PRODUCT_NAME = "$(TARGET_NAME)";
				TEST_TARGET_NAME = Orizinal;
				USES_XCTRUNNER = YES;
			};
			name = Release;
		};
/* End XCBuildConfiguration section */

/* Begin XCConfigurationList section */
		D1D10DAD1BE37DE000F0D864 /* Build configuration list for PBXProject "Orizinal" */ = {
			isa = XCConfigurationList;
			buildConfigurations = (
				D1D10DD81BE37DE000F0D864 /* Debug */,
				D1D10DD91BE37DE000F0D864 /* Release */,
			);
			defaultConfigurationIsVisible = 0;
			defaultConfigurationName = Release;
		};
		D1D10DDA1BE37DE000F0D864 /* Build configuration list for PBXNativeTarget "Orizinal" */ = {
			isa = XCConfigurationList;
			buildConfigurations = (
				D1D10DDB1BE37DE000F0D864 /* Debug */,
				D1D10DDC1BE37DE000F0D864 /* Release */,
			);
			defaultConfigurationIsVisible = 0;
			defaultConfigurationName = Release;
		};
		D1D10DDD1BE37DE000F0D864 /* Build configuration list for PBXNativeTarget "OrizinalTests" */ = {
			isa = XCConfigurationList;
			buildConfigurations = (
				D1D10DDE1BE37DE000F0D864 /* Debug */,
				D1D10DDF1BE37DE000F0D864 /* Release */,
			);
			defaultConfigurationIsVisible = 0;
			defaultConfigurationName = Release;
		};
		D1D10DE01BE37DE000F0D864 /* Build configuration list for PBXNativeTarget "OrizinalUITests" */ = {
			isa = XCConfigurationList;
			buildConfigurations = (
				D1D10DE11BE37DE000F0D864 /* Debug */,
				D1D10DE21BE37DE000F0D864 /* Release */,
			);
			defaultConfigurationIsVisible = 0;
			defaultConfigurationName = Release;
		};
/* End XCConfigurationList section */
	};
	rootObject = D1D10DAA1BE37DE000F0D864 /* Project object */;
}
